
Microsoft Visual Studio Solution File, Format Version 12.00
# Visual Studio Version 16
VisualStudioVersion = 16.0.28407.52
MinimumVisualStudioVersion = 10.0.40219.1
Project("{9A19103F-16F7-4668-BE54-9A1E7A4F7556}") = "GatewayService", "SALOOMON\GatewayService.csproj", "{5C25A0CF-2745-42F8-A2F8-99A22E734CA0}"
EndProject
Project("{9A19103F-16F7-4668-BE54-9A1E7A4F7556}") = "LogService", "LogService\LogService.csproj", "{07F44777-887D-46FF-923A-2FF700F9A111}"
EndProject
Project("{9A19103F-16F7-4668-BE54-9A1E7A4F7556}") = "UserService", "UserService\UserService.csproj", "{E65CA843-EB22-4129-8E4D-35024DF53165}"
EndProject
Project("{9A19103F-16F7-4668-BE54-9A1E7A4F7556}") = "UserServiceTests", "UserServiceTests\UserServiceTests.csproj", "{30456CA1-0B58-4856-AD56-6C5C9AD726CB}"
EndProject
Project("{9A19103F-16F7-4668-BE54-9A1E7A4F7556}") = "GatewayServiceTests", "GatewayServiceTests\GatewayServiceTests.csproj", "{DD9B14BD-D73D-47B7-AF88-7ABE5FFF33E7}"
EndProject
Project("{9A19103F-16F7-4668-BE54-9A1E7A4F7556}") = "PatientService", "PatientService\PatientService.csproj", "{9B706BE9-DDBF-48AE-9CF1-8EAED99B9D7E}"
EndProject
Project("{9A19103F-16F7-4668-BE54-9A1E7A4F7556}") = "LogServiceRequestMessages", "LogServiceRequestMessages\LogServiceRequestMessages.csproj", "{2B30CF45-829A-4E1D-BB8F-0D4E33294DE0}"
EndProject
Project("{9A19103F-16F7-4668-BE54-9A1E7A4F7556}") = "LogServiceResponseMessages", "LogServiceResponseMessages\LogServiceResponseMessages.csproj", "{B72FD41A-2598-496C-A9FA-B8482669C9D2}"
EndProject
Project("{9A19103F-16F7-4668-BE54-9A1E7A4F7556}") = "LogServiceModels", "LogServiceModels\LogServiceModels.csproj", "{24CDD3AD-1832-4560-BD6F-AD5C2DA7FF33}"
EndProject
Project("{2150E333-8FDC-42A3-9474-1A3956D46DE8}") = "SALOOMON-LogService", "SALOOMON-LogService", "{ED139121-77CB-47A0-A46D-DFA36D0D4B4A}"
EndProject
Project("{2150E333-8FDC-42A3-9474-1A3956D46DE8}") = "SALOOMON-GatewayService", "SALOOMON-GatewayService", "{36180F75-5991-49AA-94A0-089873EBCCCD}"
EndProject
Project("{2150E333-8FDC-42A3-9474-1A3956D46DE8}") = "SALOOMON-PatientService", "SALOOMON-PatientService", "{F97C18FD-5B7C-4E35-AC1A-2B93FB5A5188}"
EndProject
Project("{9A19103F-16F7-4668-BE54-9A1E7A4F7556}") = "PatientServiceRequestMessages", "PatientRequests\PatientServiceRequestMessages.csproj", "{9CACDDF3-5FAC-40BF-A318-AC91AC3FC90F}"
EndProject
Project("{9A19103F-16F7-4668-BE54-9A1E7A4F7556}") = "PatientServiceResponseMessages", "PatientResponses\PatientServiceResponseMessages.csproj", "{E438D7A6-F0E8-4739-A8F0-4BCA1BB3F478}"
EndProject
Project("{9A19103F-16F7-4668-BE54-9A1E7A4F7556}") = "PatientServiceModels", "PatientServiceModels\PatientServiceModels.csproj", "{EB72714A-1299-4658-9D71-EF1B43041518}"
EndProject
Project("{9A19103F-16F7-4668-BE54-9A1E7A4F7556}") = "PatientServiceTests", "PatientServiceTests\PatientServiceTests.csproj", "{40999A51-852D-45DC-97A8-5CAF75C7EC2C}"
EndProject
Project("{2150E333-8FDC-42A3-9474-1A3956D46DE8}") = "SALOOMON-UserService", "SALOOMON-UserService", "{E92C3C33-E80B-4909-915A-C66D450FA391}"
EndProject
Project("{9A19103F-16F7-4668-BE54-9A1E7A4F7556}") = "UserServiceModels", "UserServiceModels\UserServiceModels.csproj", "{615A7D0F-03B9-4C52-B779-50FC5F90BB70}"
EndProject
Project("{9A19103F-16F7-4668-BE54-9A1E7A4F7556}") = "UserServiceRequestMessages", "UserServiceRequestMessages\UserServiceRequestMessages.csproj", "{B0047FA3-03E4-42AF-B94C-E151A7F8A6BA}"
EndProject
Project("{9A19103F-16F7-4668-BE54-9A1E7A4F7556}") = "UserServiceResponseMessages", "UserServiceResponseMessages\UserServiceResponseMessages.csproj", "{320D6F66-CD4B-44C8-9552-4F17641F448C}"
EndProject
Project("{9A19103F-16F7-4668-BE54-9A1E7A4F7556}") = "DatentransformationsServiceMessages", "MessagesFromOtherServices\DatentransformationsServiceMessages.csproj", "{A5444418-EB4F-4714-BF69-11D9431D2CC6}"
EndProject
Project("{2150E333-8FDC-42A3-9474-1A3956D46DE8}") = "MessagesFromOtherServices", "MessagesFromOtherServices", "{3A9F8BA4-685A-4704-B446-D59AA75D6E72}"
EndProject
Project("{2150E333-8FDC-42A3-9474-1A3956D46DE8}") = "ModelsFromOtherServices", "ModelsFromOtherServices", "{21C81681-7183-4811-B199-A9CC1B0881BC}"
EndProject
Project("{9A19103F-16F7-4668-BE54-9A1E7A4F7556}") = "DatentransformationsServiceModels", "DatentransformationsServiceModels\DatentransformationsServiceModels.csproj", "{F0AC3F5E-9A70-47F9-AAEF-2015F41624F1}"
EndProject
Project("{9A19103F-16F7-4668-BE54-9A1E7A4F7556}") = "DatenakquirierungsServiceMessages", "DatenakquirierungsServiceMessages\DatenakquirierungsServiceMessages.csproj", "{61FB93FC-B138-422E-BEB8-BB6E44066215}"
EndProject
Project("{9A19103F-16F7-4668-BE54-9A1E7A4F7556}") = "DatenakquirierungsServiceModels", "DatenakquirierungsServiceModels\DatenakquirierungsServiceModels.csproj", "{F8D51A50-975E-48CD-88EA-CD1B120EBE43}"
EndProject
Project("{9A19103F-16F7-4668-BE54-9A1E7A4F7556}") = "LogServiceTests", "LogServiceTests\LogServiceTests.csproj", "{4BAF0B06-C773-44CE-B54D-9B04495E82C1}"
EndProject
Project("{9A19103F-16F7-4668-BE54-9A1E7A4F7556}") = "HTTPRequestModels", "HTTPRequestModels\HTTPRequestModels.csproj", "{1B97280A-1763-40F0-9F4C-C22078C3E1BD}"
EndProject
Global
	GlobalSection(SolutionConfigurationPlatforms) = preSolution
		Debug|Any CPU = Debug|Any CPU
		Release|Any CPU = Release|Any CPU
	EndGlobalSection
	GlobalSection(ProjectConfigurationPlatforms) = postSolution
		{5C25A0CF-2745-42F8-A2F8-99A22E734CA0}.Debug|Any CPU.ActiveCfg = Debug|Any CPU
		{5C25A0CF-2745-42F8-A2F8-99A22E734CA0}.Debug|Any CPU.Build.0 = Debug|Any CPU
		{5C25A0CF-2745-42F8-A2F8-99A22E734CA0}.Release|Any CPU.ActiveCfg = Release|Any CPU
		{5C25A0CF-2745-42F8-A2F8-99A22E734CA0}.Release|Any CPU.Build.0 = Release|Any CPU
		{07F44777-887D-46FF-923A-2FF700F9A111}.Debug|Any CPU.ActiveCfg = Debug|Any CPU
		{07F44777-887D-46FF-923A-2FF700F9A111}.Debug|Any CPU.Build.0 = Debug|Any CPU
		{07F44777-887D-46FF-923A-2FF700F9A111}.Release|Any CPU.ActiveCfg = Release|Any CPU
		{07F44777-887D-46FF-923A-2FF700F9A111}.Release|Any CPU.Build.0 = Release|Any CPU
		{E65CA843-EB22-4129-8E4D-35024DF53165}.Debug|Any CPU.ActiveCfg = Debug|Any CPU
		{E65CA843-EB22-4129-8E4D-35024DF53165}.Debug|Any CPU.Build.0 = Debug|Any CPU
		{E65CA843-EB22-4129-8E4D-35024DF53165}.Release|Any CPU.ActiveCfg = Release|Any CPU
		{E65CA843-EB22-4129-8E4D-35024DF53165}.Release|Any CPU.Build.0 = Release|Any CPU
		{30456CA1-0B58-4856-AD56-6C5C9AD726CB}.Debug|Any CPU.ActiveCfg = Debug|Any CPU
		{30456CA1-0B58-4856-AD56-6C5C9AD726CB}.Debug|Any CPU.Build.0 = Debug|Any CPU
		{30456CA1-0B58-4856-AD56-6C5C9AD726CB}.Release|Any CPU.ActiveCfg = Release|Any CPU
		{30456CA1-0B58-4856-AD56-6C5C9AD726CB}.Release|Any CPU.Build.0 = Release|Any CPU
		{DD9B14BD-D73D-47B7-AF88-7ABE5FFF33E7}.Debug|Any CPU.ActiveCfg = Debug|Any CPU
		{DD9B14BD-D73D-47B7-AF88-7ABE5FFF33E7}.Debug|Any CPU.Build.0 = Debug|Any CPU
		{DD9B14BD-D73D-47B7-AF88-7ABE5FFF33E7}.Release|Any CPU.ActiveCfg = Release|Any CPU
		{DD9B14BD-D73D-47B7-AF88-7ABE5FFF33E7}.Release|Any CPU.Build.0 = Release|Any CPU
		{9B706BE9-DDBF-48AE-9CF1-8EAED99B9D7E}.Debug|Any CPU.ActiveCfg = Debug|Any CPU
		{9B706BE9-DDBF-48AE-9CF1-8EAED99B9D7E}.Debug|Any CPU.Build.0 = Debug|Any CPU
		{9B706BE9-DDBF-48AE-9CF1-8EAED99B9D7E}.Release|Any CPU.ActiveCfg = Release|Any CPU
		{9B706BE9-DDBF-48AE-9CF1-8EAED99B9D7E}.Release|Any CPU.Build.0 = Release|Any CPU
		{2B30CF45-829A-4E1D-BB8F-0D4E33294DE0}.Debug|Any CPU.ActiveCfg = Debug|Any CPU
		{2B30CF45-829A-4E1D-BB8F-0D4E33294DE0}.Debug|Any CPU.Build.0 = Debug|Any CPU
		{2B30CF45-829A-4E1D-BB8F-0D4E33294DE0}.Release|Any CPU.ActiveCfg = Release|Any CPU
		{2B30CF45-829A-4E1D-BB8F-0D4E33294DE0}.Release|Any CPU.Build.0 = Release|Any CPU
		{B72FD41A-2598-496C-A9FA-B8482669C9D2}.Debug|Any CPU.ActiveCfg = Debug|Any CPU
		{B72FD41A-2598-496C-A9FA-B8482669C9D2}.Debug|Any CPU.Build.0 = Debug|Any CPU
		{B72FD41A-2598-496C-A9FA-B8482669C9D2}.Release|Any CPU.ActiveCfg = Release|Any CPU
		{B72FD41A-2598-496C-A9FA-B8482669C9D2}.Release|Any CPU.Build.0 = Release|Any CPU
		{24CDD3AD-1832-4560-BD6F-AD5C2DA7FF33}.Debug|Any CPU.ActiveCfg = Debug|Any CPU
		{24CDD3AD-1832-4560-BD6F-AD5C2DA7FF33}.Debug|Any CPU.Build.0 = Debug|Any CPU
		{24CDD3AD-1832-4560-BD6F-AD5C2DA7FF33}.Release|Any CPU.ActiveCfg = Release|Any CPU
		{24CDD3AD-1832-4560-BD6F-AD5C2DA7FF33}.Release|Any CPU.Build.0 = Release|Any CPU
		{9CACDDF3-5FAC-40BF-A318-AC91AC3FC90F}.Debug|Any CPU.ActiveCfg = Debug|Any CPU
		{9CACDDF3-5FAC-40BF-A318-AC91AC3FC90F}.Debug|Any CPU.Build.0 = Debug|Any CPU
		{9CACDDF3-5FAC-40BF-A318-AC91AC3FC90F}.Release|Any CPU.ActiveCfg = Release|Any CPU
		{9CACDDF3-5FAC-40BF-A318-AC91AC3FC90F}.Release|Any CPU.Build.0 = Release|Any CPU
		{E438D7A6-F0E8-4739-A8F0-4BCA1BB3F478}.Debug|Any CPU.ActiveCfg = Debug|Any CPU
		{E438D7A6-F0E8-4739-A8F0-4BCA1BB3F478}.Debug|Any CPU.Build.0 = Debug|Any CPU
		{E438D7A6-F0E8-4739-A8F0-4BCA1BB3F478}.Release|Any CPU.ActiveCfg = Release|Any CPU
		{E438D7A6-F0E8-4739-A8F0-4BCA1BB3F478}.Release|Any CPU.Build.0 = Release|Any CPU
		{EB72714A-1299-4658-9D71-EF1B43041518}.Debug|Any CPU.ActiveCfg = Debug|Any CPU
		{EB72714A-1299-4658-9D71-EF1B43041518}.Debug|Any CPU.Build.0 = Debug|Any CPU
		{EB72714A-1299-4658-9D71-EF1B43041518}.Release|Any CPU.ActiveCfg = Release|Any CPU
		{EB72714A-1299-4658-9D71-EF1B43041518}.Release|Any CPU.Build.0 = Release|Any CPU
		{40999A51-852D-45DC-97A8-5CAF75C7EC2C}.Debug|Any CPU.ActiveCfg = Debug|Any CPU
		{40999A51-852D-45DC-97A8-5CAF75C7EC2C}.Debug|Any CPU.Build.0 = Debug|Any CPU
		{40999A51-852D-45DC-97A8-5CAF75C7EC2C}.Release|Any CPU.ActiveCfg = Release|Any CPU
		{40999A51-852D-45DC-97A8-5CAF75C7EC2C}.Release|Any CPU.Build.0 = Release|Any CPU
		{615A7D0F-03B9-4C52-B779-50FC5F90BB70}.Debug|Any CPU.ActiveCfg = Debug|Any CPU
		{615A7D0F-03B9-4C52-B779-50FC5F90BB70}.Debug|Any CPU.Build.0 = Debug|Any CPU
		{615A7D0F-03B9-4C52-B779-50FC5F90BB70}.Release|Any CPU.ActiveCfg = Release|Any CPU
		{615A7D0F-03B9-4C52-B779-50FC5F90BB70}.Release|Any CPU.Build.0 = Release|Any CPU
		{B0047FA3-03E4-42AF-B94C-E151A7F8A6BA}.Debug|Any CPU.ActiveCfg = Debug|Any CPU
		{B0047FA3-03E4-42AF-B94C-E151A7F8A6BA}.Debug|Any CPU.Build.0 = Debug|Any CPU
		{B0047FA3-03E4-42AF-B94C-E151A7F8A6BA}.Release|Any CPU.ActiveCfg = Release|Any CPU
		{B0047FA3-03E4-42AF-B94C-E151A7F8A6BA}.Release|Any CPU.Build.0 = Release|Any CPU
		{320D6F66-CD4B-44C8-9552-4F17641F448C}.Debug|Any CPU.ActiveCfg = Debug|Any CPU
		{320D6F66-CD4B-44C8-9552-4F17641F448C}.Debug|Any CPU.Build.0 = Debug|Any CPU
		{320D6F66-CD4B-44C8-9552-4F17641F448C}.Release|Any CPU.ActiveCfg = Release|Any CPU
		{320D6F66-CD4B-44C8-9552-4F17641F448C}.Release|Any CPU.Build.0 = Release|Any CPU
		{A5444418-EB4F-4714-BF69-11D9431D2CC6}.Debug|Any CPU.ActiveCfg = Debug|Any CPU
		{A5444418-EB4F-4714-BF69-11D9431D2CC6}.Debug|Any CPU.Build.0 = Debug|Any CPU
		{A5444418-EB4F-4714-BF69-11D9431D2CC6}.Release|Any CPU.ActiveCfg = Release|Any CPU
		{A5444418-EB4F-4714-BF69-11D9431D2CC6}.Release|Any CPU.Build.0 = Release|Any CPU
		{F0AC3F5E-9A70-47F9-AAEF-2015F41624F1}.Debug|Any CPU.ActiveCfg = Debug|Any CPU
		{F0AC3F5E-9A70-47F9-AAEF-2015F41624F1}.Debug|Any CPU.Build.0 = Debug|Any CPU
		{F0AC3F5E-9A70-47F9-AAEF-2015F41624F1}.Release|Any CPU.ActiveCfg = Release|Any CPU
		{F0AC3F5E-9A70-47F9-AAEF-2015F41624F1}.Release|Any CPU.Build.0 = Release|Any CPU
		{61FB93FC-B138-422E-BEB8-BB6E44066215}.Debug|Any CPU.ActiveCfg = Debug|Any CPU
		{61FB93FC-B138-422E-BEB8-BB6E44066215}.Debug|Any CPU.Build.0 = Debug|Any CPU
		{61FB93FC-B138-422E-BEB8-BB6E44066215}.Release|Any CPU.ActiveCfg = Release|Any CPU
		{61FB93FC-B138-422E-BEB8-BB6E44066215}.Release|Any CPU.Build.0 = Release|Any CPU
		{F8D51A50-975E-48CD-88EA-CD1B120EBE43}.Debug|Any CPU.ActiveCfg = Debug|Any CPU
		{F8D51A50-975E-48CD-88EA-CD1B120EBE43}.Debug|Any CPU.Build.0 = Debug|Any CPU
		{F8D51A50-975E-48CD-88EA-CD1B120EBE43}.Release|Any CPU.ActiveCfg = Release|Any CPU
		{F8D51A50-975E-48CD-88EA-CD1B120EBE43}.Release|Any CPU.Build.0 = Release|Any CPU
		{4BAF0B06-C773-44CE-B54D-9B04495E82C1}.Debug|Any CPU.ActiveCfg = Debug|Any CPU
		{4BAF0B06-C773-44CE-B54D-9B04495E82C1}.Debug|Any CPU.Build.0 = Debug|Any CPU
		{4BAF0B06-C773-44CE-B54D-9B04495E82C1}.Release|Any CPU.ActiveCfg = Release|Any CPU
		{4BAF0B06-C773-44CE-B54D-9B04495E82C1}.Release|Any CPU.Build.0 = Release|Any CPU
		{1B97280A-1763-40F0-9F4C-C22078C3E1BD}.Debug|Any CPU.ActiveCfg = Debug|Any CPU
		{1B97280A-1763-40F0-9F4C-C22078C3E1BD}.Debug|Any CPU.Build.0 = Debug|Any CPU
		{1B97280A-1763-40F0-9F4C-C22078C3E1BD}.Release|Any CPU.ActiveCfg = Release|Any CPU
		{1B97280A-1763-40F0-9F4C-C22078C3E1BD}.Release|Any CPU.Build.0 = Release|Any CPU
	EndGlobalSection
	GlobalSection(SolutionProperties) = preSolution
		HideSolutionNode = FALSE
	EndGlobalSection
	GlobalSection(NestedProjects) = preSolution
		{5C25A0CF-2745-42F8-A2F8-99A22E734CA0} = {36180F75-5991-49AA-94A0-089873EBCCCD}
		{07F44777-887D-46FF-923A-2FF700F9A111} = {ED139121-77CB-47A0-A46D-DFA36D0D4B4A}
		{E65CA843-EB22-4129-8E4D-35024DF53165} = {E92C3C33-E80B-4909-915A-C66D450FA391}
		{30456CA1-0B58-4856-AD56-6C5C9AD726CB} = {E92C3C33-E80B-4909-915A-C66D450FA391}
		{DD9B14BD-D73D-47B7-AF88-7ABE5FFF33E7} = {36180F75-5991-49AA-94A0-089873EBCCCD}
		{9B706BE9-DDBF-48AE-9CF1-8EAED99B9D7E} = {F97C18FD-5B7C-4E35-AC1A-2B93FB5A5188}
		{2B30CF45-829A-4E1D-BB8F-0D4E33294DE0} = {ED139121-77CB-47A0-A46D-DFA36D0D4B4A}
		{B72FD41A-2598-496C-A9FA-B8482669C9D2} = {ED139121-77CB-47A0-A46D-DFA36D0D4B4A}
		{24CDD3AD-1832-4560-BD6F-AD5C2DA7FF33} = {ED139121-77CB-47A0-A46D-DFA36D0D4B4A}
		{9CACDDF3-5FAC-40BF-A318-AC91AC3FC90F} = {F97C18FD-5B7C-4E35-AC1A-2B93FB5A5188}
		{E438D7A6-F0E8-4739-A8F0-4BCA1BB3F478} = {F97C18FD-5B7C-4E35-AC1A-2B93FB5A5188}
		{EB72714A-1299-4658-9D71-EF1B43041518} = {F97C18FD-5B7C-4E35-AC1A-2B93FB5A5188}
		{40999A51-852D-45DC-97A8-5CAF75C7EC2C} = {F97C18FD-5B7C-4E35-AC1A-2B93FB5A5188}
		{615A7D0F-03B9-4C52-B779-50FC5F90BB70} = {E92C3C33-E80B-4909-915A-C66D450FA391}
		{B0047FA3-03E4-42AF-B94C-E151A7F8A6BA} = {E92C3C33-E80B-4909-915A-C66D450FA391}
		{320D6F66-CD4B-44C8-9552-4F17641F448C} = {E92C3C33-E80B-4909-915A-C66D450FA391}
		{A5444418-EB4F-4714-BF69-11D9431D2CC6} = {3A9F8BA4-685A-4704-B446-D59AA75D6E72}
		{F0AC3F5E-9A70-47F9-AAEF-2015F41624F1} = {21C81681-7183-4811-B199-A9CC1B0881BC}
		{61FB93FC-B138-422E-BEB8-BB6E44066215} = {3A9F8BA4-685A-4704-B446-D59AA75D6E72}
		{F8D51A50-975E-48CD-88EA-CD1B120EBE43} = {21C81681-7183-4811-B199-A9CC1B0881BC}
		{4BAF0B06-C773-44CE-B54D-9B04495E82C1} = {ED139121-77CB-47A0-A46D-DFA36D0D4B4A}
		{1B97280A-1763-40F0-9F4C-C22078C3E1BD} = {36180F75-5991-49AA-94A0-089873EBCCCD}
	EndGlobalSection
	GlobalSection(ExtensibilityGlobals) = postSolution
		SolutionGuid = {A464A4B6-5313-4F96-94E3-33925CCFDFB1}
	EndGlobalSection
EndGlobal
